// !$*UTF8*$!
{
	archiveVersion = 1;
	classes = {
	};
	objectVersion = 51;
	objects = {

/* Begin PBXBuildFile section */
		4DD15D772374546D92C65924 /* Pods_BTCTicketTests.framework in Frameworks */ = {isa = PBXBuildFile; fileRef = 04684235645CCCA1A06FAF32 /* Pods_BTCTicketTests.framework */; };
		ED4CDBD3D7C8DD56D488DBF9 /* Pods_BTCTicket.framework in Frameworks */ = {isa = PBXBuildFile; fileRef = FAAFD2D0C99C5D9C9088C906 /* Pods_BTCTicket.framework */; };
		F956DEFC23799ADC0094B425 /* BTCTicketTests.swift in Sources */ = {isa = PBXBuildFile; fileRef = F956DEFB23799ADC0094B425 /* BTCTicketTests.swift */; };
		F956DF002379A3740094B425 /* NetworkingType.swift in Sources */ = {isa = PBXBuildFile; fileRef = F956DEFF2379A3740094B425 /* NetworkingType.swift */; };
		F956DF022379A5460094B425 /* NetworkService.swift in Sources */ = {isa = PBXBuildFile; fileRef = F956DF012379A5460094B425 /* NetworkService.swift */; };
		F956DF052379A64C0094B425 /* URLSession+Rx.swift in Sources */ = {isa = PBXBuildFile; fileRef = F956DF042379A64C0094B425 /* URLSession+Rx.swift */; };
		F956DF082379A84B0094B425 /* BitcoinPrice.swift in Sources */ = {isa = PBXBuildFile; fileRef = F956DF072379A84B0094B425 /* BitcoinPrice.swift */; };
		F956DF0A2379A96A0094B425 /* GBPToBitcoin.swift in Sources */ = {isa = PBXBuildFile; fileRef = F956DF092379A96A0094B425 /* GBPToBitcoin.swift */; };
		F956DF0D2379AED40094B425 /* BindableType.swift in Sources */ = {isa = PBXBuildFile; fileRef = F956DF0C2379AED40094B425 /* BindableType.swift */; };
		F956DF102379AF700094B425 /* GBPToBitcoinViewModel.swift in Sources */ = {isa = PBXBuildFile; fileRef = F956DF0F2379AF700094B425 /* GBPToBitcoinViewModel.swift */; };
		F9C019DC2379941000D4B6C4 /* AppDelegate.swift in Sources */ = {isa = PBXBuildFile; fileRef = F9C019DB2379941000D4B6C4 /* AppDelegate.swift */; };
		F9C019DE2379941000D4B6C4 /* SceneDelegate.swift in Sources */ = {isa = PBXBuildFile; fileRef = F9C019DD2379941000D4B6C4 /* SceneDelegate.swift */; };
		F9C019E02379941000D4B6C4 /* GBPToBitcoinViewController.swift in Sources */ = {isa = PBXBuildFile; fileRef = F9C019DF2379941000D4B6C4 /* GBPToBitcoinViewController.swift */; };
		F9C019E32379941000D4B6C4 /* Main.storyboard in Resources */ = {isa = PBXBuildFile; fileRef = F9C019E12379941000D4B6C4 /* Main.storyboard */; };
		F9C019E52379941100D4B6C4 /* Assets.xcassets in Resources */ = {isa = PBXBuildFile; fileRef = F9C019E42379941100D4B6C4 /* Assets.xcassets */; };
		F9C019E82379941100D4B6C4 /* LaunchScreen.storyboard in Resources */ = {isa = PBXBuildFile; fileRef = F9C019E62379941100D4B6C4 /* LaunchScreen.storyboard */; };
/* End PBXBuildFile section */

/* Begin PBXContainerItemProxy section */
		F9C019EF2379941100D4B6C4 /* PBXContainerItemProxy */ = {
			isa = PBXContainerItemProxy;
			containerPortal = F9C019D02379941000D4B6C4 /* Project object */;
			proxyType = 1;
			remoteGlobalIDString = F9C019D72379941000D4B6C4;
			remoteInfo = BTCTicket;
		};
/* End PBXContainerItemProxy section */

/* Begin PBXFileReference section */
		04684235645CCCA1A06FAF32 /* Pods_BTCTicketTests.framework */ = {isa = PBXFileReference; explicitFileType = wrapper.framework; includeInIndex = 0; path = Pods_BTCTicketTests.framework; sourceTree = BUILT_PRODUCTS_DIR; };
		10464173408B151C33D526A4 /* Pods-BTCTicket.release.xcconfig */ = {isa = PBXFileReference; includeInIndex = 1; lastKnownFileType = text.xcconfig; name = "Pods-BTCTicket.release.xcconfig"; path = "Target Support Files/Pods-BTCTicket/Pods-BTCTicket.release.xcconfig"; sourceTree = "<group>"; };
		D724C75DF2AF162D12B05D47 /* Pods-BTCTicketTests.debug.xcconfig */ = {isa = PBXFileReference; includeInIndex = 1; lastKnownFileType = text.xcconfig; name = "Pods-BTCTicketTests.debug.xcconfig"; path = "Target Support Files/Pods-BTCTicketTests/Pods-BTCTicketTests.debug.xcconfig"; sourceTree = "<group>"; };
		E22DC425C380D742786A575F /* Pods-BTCTicket.debug.xcconfig */ = {isa = PBXFileReference; includeInIndex = 1; lastKnownFileType = text.xcconfig; name = "Pods-BTCTicket.debug.xcconfig"; path = "Target Support Files/Pods-BTCTicket/Pods-BTCTicket.debug.xcconfig"; sourceTree = "<group>"; };
		F956DEFB23799ADC0094B425 /* BTCTicketTests.swift */ = {isa = PBXFileReference; fileEncoding = 4; lastKnownFileType = sourcecode.swift; path = BTCTicketTests.swift; sourceTree = "<group>"; };
		F956DEFF2379A3740094B425 /* NetworkingType.swift */ = {isa = PBXFileReference; lastKnownFileType = sourcecode.swift; path = NetworkingType.swift; sourceTree = "<group>"; };
		F956DF012379A5460094B425 /* NetworkService.swift */ = {isa = PBXFileReference; lastKnownFileType = sourcecode.swift; path = NetworkService.swift; sourceTree = "<group>"; };
		F956DF042379A64C0094B425 /* URLSession+Rx.swift */ = {isa = PBXFileReference; lastKnownFileType = sourcecode.swift; path = "URLSession+Rx.swift"; sourceTree = "<group>"; };
		F956DF072379A84B0094B425 /* BitcoinPrice.swift */ = {isa = PBXFileReference; lastKnownFileType = sourcecode.swift; path = BitcoinPrice.swift; sourceTree = "<group>"; };
		F956DF092379A96A0094B425 /* GBPToBitcoin.swift */ = {isa = PBXFileReference; lastKnownFileType = sourcecode.swift; path = GBPToBitcoin.swift; sourceTree = "<group>"; };
		F956DF0C2379AED40094B425 /* BindableType.swift */ = {isa = PBXFileReference; lastKnownFileType = sourcecode.swift; path = BindableType.swift; sourceTree = "<group>"; };
		F956DF0F2379AF700094B425 /* GBPToBitcoinViewModel.swift */ = {isa = PBXFileReference; lastKnownFileType = sourcecode.swift; path = GBPToBitcoinViewModel.swift; sourceTree = "<group>"; };
		F9C019D82379941000D4B6C4 /* BTCTicket.app */ = {isa = PBXFileReference; explicitFileType = wrapper.application; includeInIndex = 0; path = BTCTicket.app; sourceTree = BUILT_PRODUCTS_DIR; };
		F9C019DB2379941000D4B6C4 /* AppDelegate.swift */ = {isa = PBXFileReference; lastKnownFileType = sourcecode.swift; path = AppDelegate.swift; sourceTree = "<group>"; };
		F9C019DD2379941000D4B6C4 /* SceneDelegate.swift */ = {isa = PBXFileReference; lastKnownFileType = sourcecode.swift; path = SceneDelegate.swift; sourceTree = "<group>"; };
		F9C019DF2379941000D4B6C4 /* GBPToBitcoinViewController.swift */ = {isa = PBXFileReference; lastKnownFileType = sourcecode.swift; path = GBPToBitcoinViewController.swift; sourceTree = "<group>"; };
		F9C019E22379941000D4B6C4 /* Base */ = {isa = PBXFileReference; lastKnownFileType = file.storyboard; name = Base; path = Base.lproj/Main.storyboard; sourceTree = "<group>"; };
		F9C019E42379941100D4B6C4 /* Assets.xcassets */ = {isa = PBXFileReference; lastKnownFileType = folder.assetcatalog; path = Assets.xcassets; sourceTree = "<group>"; };
		F9C019E72379941100D4B6C4 /* Base */ = {isa = PBXFileReference; lastKnownFileType = file.storyboard; name = Base; path = Base.lproj/LaunchScreen.storyboard; sourceTree = "<group>"; };
		F9C019E92379941100D4B6C4 /* Info.plist */ = {isa = PBXFileReference; lastKnownFileType = text.plist.xml; path = Info.plist; sourceTree = "<group>"; };
		F9C019EE2379941100D4B6C4 /* BTCTicketTests.xctest */ = {isa = PBXFileReference; explicitFileType = wrapper.cfbundle; includeInIndex = 0; path = BTCTicketTests.xctest; sourceTree = BUILT_PRODUCTS_DIR; };
		F9C019F42379941100D4B6C4 /* Info.plist */ = {isa = PBXFileReference; lastKnownFileType = text.plist.xml; path = Info.plist; sourceTree = "<group>"; };
		FA8E5B7F6F7D5591CFF40BD8 /* Pods-BTCTicketTests.release.xcconfig */ = {isa = PBXFileReference; includeInIndex = 1; lastKnownFileType = text.xcconfig; name = "Pods-BTCTicketTests.release.xcconfig"; path = "Target Support Files/Pods-BTCTicketTests/Pods-BTCTicketTests.release.xcconfig"; sourceTree = "<group>"; };
		FAAFD2D0C99C5D9C9088C906 /* Pods_BTCTicket.framework */ = {isa = PBXFileReference; explicitFileType = wrapper.framework; includeInIndex = 0; path = Pods_BTCTicket.framework; sourceTree = BUILT_PRODUCTS_DIR; };
/* End PBXFileReference section */

/* Begin PBXFrameworksBuildPhase section */
		F9C019D52379941000D4B6C4 /* Frameworks */ = {
			isa = PBXFrameworksBuildPhase;
			buildActionMask = 2147483647;
			files = (
				ED4CDBD3D7C8DD56D488DBF9 /* Pods_BTCTicket.framework in Frameworks */,
			);
			runOnlyForDeploymentPostprocessing = 0;
		};
		F9C019EB2379941100D4B6C4 /* Frameworks */ = {
			isa = PBXFrameworksBuildPhase;
			buildActionMask = 2147483647;
			files = (
				4DD15D772374546D92C65924 /* Pods_BTCTicketTests.framework in Frameworks */,
			);
			runOnlyForDeploymentPostprocessing = 0;
		};
/* End PBXFrameworksBuildPhase section */

/* Begin PBXGroup section */
		00D2E99D64F34237F8E31D2D /* Frameworks */ = {
			isa = PBXGroup;
			children = (
				FAAFD2D0C99C5D9C9088C906 /* Pods_BTCTicket.framework */,
				04684235645CCCA1A06FAF32 /* Pods_BTCTicketTests.framework */,
			);
			name = Frameworks;
			sourceTree = "<group>";
		};
		BF8CDCA6F5EDACB42DF4DD71 /* Pods */ = {
			isa = PBXGroup;
			children = (
				E22DC425C380D742786A575F /* Pods-BTCTicket.debug.xcconfig */,
				10464173408B151C33D526A4 /* Pods-BTCTicket.release.xcconfig */,
				D724C75DF2AF162D12B05D47 /* Pods-BTCTicketTests.debug.xcconfig */,
				FA8E5B7F6F7D5591CFF40BD8 /* Pods-BTCTicketTests.release.xcconfig */,
			);
			path = Pods;
			sourceTree = "<group>";
		};
		F956DEFD2379A3260094B425 /* Services */ = {
			isa = PBXGroup;
			children = (
				F956DF012379A5460094B425 /* NetworkService.swift */,
			);
			path = Services;
			sourceTree = "<group>";
		};
		F956DEFE2379A35D0094B425 /* Custom Types */ = {
			isa = PBXGroup;
			children = (
				F956DEFF2379A3740094B425 /* NetworkingType.swift */,
				F956DF0C2379AED40094B425 /* BindableType.swift */,
			);
			path = "Custom Types";
			sourceTree = "<group>";
		};
		F956DF032379A62E0094B425 /* Extensions */ = {
			isa = PBXGroup;
			children = (
				F956DF042379A64C0094B425 /* URLSession+Rx.swift */,
			);
			path = Extensions;
			sourceTree = "<group>";
		};
		F956DF062379A6D20094B425 /* Entities */ = {
			isa = PBXGroup;
			children = (
				F956DF072379A84B0094B425 /* BitcoinPrice.swift */,
				F956DF092379A96A0094B425 /* GBPToBitcoin.swift */,
			);
			path = Entities;
			sourceTree = "<group>";
		};
		F956DF0B2379AE9B0094B425 /* Scenes */ = {
			isa = PBXGroup;
			children = (
				F956DF0E2379AEFA0094B425 /* GBPToBitcoin */,
			);
			path = Scenes;
			sourceTree = "<group>";
		};
		F956DF0E2379AEFA0094B425 /* GBPToBitcoin */ = {
			isa = PBXGroup;
			children = (
				F956DF0F2379AF700094B425 /* GBPToBitcoinViewModel.swift */,
				F9C019DF2379941000D4B6C4 /* GBPToBitcoinViewController.swift */,
			);
			path = GBPToBitcoin;
			sourceTree = "<group>";
		};
		F9C019CF2379941000D4B6C4 = {
			isa = PBXGroup;
			children = (
				F9C019DA2379941000D4B6C4 /* BTCTicket */,
				F9C019F12379941100D4B6C4 /* BTCTicketTests */,
				F9C019D92379941000D4B6C4 /* Products */,
				BF8CDCA6F5EDACB42DF4DD71 /* Pods */,
				00D2E99D64F34237F8E31D2D /* Frameworks */,
			);
			sourceTree = "<group>";
		};
		F9C019D92379941000D4B6C4 /* Products */ = {
			isa = PBXGroup;
			children = (
				F9C019D82379941000D4B6C4 /* BTCTicket.app */,
				F9C019EE2379941100D4B6C4 /* BTCTicketTests.xctest */,
			);
			name = Products;
			sourceTree = "<group>";
		};
		F9C019DA2379941000D4B6C4 /* BTCTicket */ = {
			isa = PBXGroup;
			children = (
				F956DF0B2379AE9B0094B425 /* Scenes */,
				F956DF062379A6D20094B425 /* Entities */,
				F956DF032379A62E0094B425 /* Extensions */,
				F956DEFE2379A35D0094B425 /* Custom Types */,
				F956DEFD2379A3260094B425 /* Services */,
				F9C019DB2379941000D4B6C4 /* AppDelegate.swift */,
				F9C019DD2379941000D4B6C4 /* SceneDelegate.swift */,
				F9C019E12379941000D4B6C4 /* Main.storyboard */,
				F9C019E42379941100D4B6C4 /* Assets.xcassets */,
				F9C019E62379941100D4B6C4 /* LaunchScreen.storyboard */,
				F9C019E92379941100D4B6C4 /* Info.plist */,
			);
			path = BTCTicket;
			sourceTree = "<group>";
		};
		F9C019F12379941100D4B6C4 /* BTCTicketTests */ = {
			isa = PBXGroup;
			children = (
				F956DEFB23799ADC0094B425 /* BTCTicketTests.swift */,
				F9C019F42379941100D4B6C4 /* Info.plist */,
			);
			path = BTCTicketTests;
			sourceTree = "<group>";
		};
/* End PBXGroup section */

/* Begin PBXNativeTarget section */
		F9C019D72379941000D4B6C4 /* BTCTicket */ = {
			isa = PBXNativeTarget;
			buildConfigurationList = F9C019F72379941100D4B6C4 /* Build configuration list for PBXNativeTarget "BTCTicket" */;
			buildPhases = (
				30BC39D0ADB9831135F8B791 /* [CP] Check Pods Manifest.lock */,
				F9C019D42379941000D4B6C4 /* Sources */,
				F9C019D52379941000D4B6C4 /* Frameworks */,
				F9C019D62379941000D4B6C4 /* Resources */,
				AA2F04E4DEC60A3DF7144C7D /* [CP] Embed Pods Frameworks */,
			);
			buildRules = (
			);
			dependencies = (
			);
			name = BTCTicket;
			productName = BTCTicket;
			productReference = F9C019D82379941000D4B6C4 /* BTCTicket.app */;
			productType = "com.apple.product-type.application";
		};
		F9C019ED2379941100D4B6C4 /* BTCTicketTests */ = {
			isa = PBXNativeTarget;
			buildConfigurationList = F9C019FA2379941100D4B6C4 /* Build configuration list for PBXNativeTarget "BTCTicketTests" */;
			buildPhases = (
				DED008448EA3C2569EEF0B71 /* [CP] Check Pods Manifest.lock */,
				F9C019EA2379941100D4B6C4 /* Sources */,
				F9C019EB2379941100D4B6C4 /* Frameworks */,
				F9C019EC2379941100D4B6C4 /* Resources */,
				88912FBD6B89E8DDA6A1BAA0 /* [CP] Embed Pods Frameworks */,
			);
			buildRules = (
			);
			dependencies = (
				F9C019F02379941100D4B6C4 /* PBXTargetDependency */,
			);
			name = BTCTicketTests;
			productName = BTCTicketTests;
			productReference = F9C019EE2379941100D4B6C4 /* BTCTicketTests.xctest */;
			productType = "com.apple.product-type.bundle.unit-test";
		};
/* End PBXNativeTarget section */

/* Begin PBXProject section */
		F9C019D02379941000D4B6C4 /* Project object */ = {
			isa = PBXProject;
			attributes = {
				LastSwiftUpdateCheck = 1120;
				LastUpgradeCheck = 1120;
				ORGANIZATIONNAME = "Quaxo Digital";
				TargetAttributes = {
					F9C019D72379941000D4B6C4 = {
						CreatedOnToolsVersion = 11.2;
					};
					F9C019ED2379941100D4B6C4 = {
						CreatedOnToolsVersion = 11.2;
						TestTargetID = F9C019D72379941000D4B6C4;
					};
				};
			};
			buildConfigurationList = F9C019D32379941000D4B6C4 /* Build configuration list for PBXProject "BTCTicket" */;
			compatibilityVersion = "Xcode 9.3";
			developmentRegion = en;
			hasScannedForEncodings = 0;
			knownRegions = (
				en,
				Base,
			);
			mainGroup = F9C019CF2379941000D4B6C4;
			productRefGroup = F9C019D92379941000D4B6C4 /* Products */;
			projectDirPath = "";
			projectRoot = "";
			targets = (
				F9C019D72379941000D4B6C4 /* BTCTicket */,
				F9C019ED2379941100D4B6C4 /* BTCTicketTests */,
			);
		};
/* End PBXProject section */

/* Begin PBXResourcesBuildPhase section */
		F9C019D62379941000D4B6C4 /* Resources */ = {
			isa = PBXResourcesBuildPhase;
			buildActionMask = 2147483647;
			files = (
				F9C019E82379941100D4B6C4 /* LaunchScreen.storyboard in Resources */,
				F9C019E52379941100D4B6C4 /* Assets.xcassets in Resources */,
				F9C019E32379941000D4B6C4 /* Main.storyboard in Resources */,
			);
			runOnlyForDeploymentPostprocessing = 0;
		};
		F9C019EC2379941100D4B6C4 /* Resources */ = {
			isa = PBXResourcesBuildPhase;
			buildActionMask = 2147483647;
			files = (
			);
			runOnlyForDeploymentPostprocessing = 0;
		};
/* End PBXResourcesBuildPhase section */

/* Begin PBXShellScriptBuildPhase section */
		30BC39D0ADB9831135F8B791 /* [CP] Check Pods Manifest.lock */ = {
			isa = PBXShellScriptBuildPhase;
			buildActionMask = 2147483647;
			files = (
			);
			inputFileListPaths = (
			);
			inputPaths = (
				"${PODS_PODFILE_DIR_PATH}/Podfile.lock",
				"${PODS_ROOT}/Manifest.lock",
			);
			name = "[CP] Check Pods Manifest.lock";
			outputFileListPaths = (
			);
			outputPaths = (
				"$(DERIVED_FILE_DIR)/Pods-BTCTicket-checkManifestLockResult.txt",
			);
			runOnlyForDeploymentPostprocessing = 0;
			shellPath = /bin/sh;
			shellScript = "diff \"${PODS_PODFILE_DIR_PATH}/Podfile.lock\" \"${PODS_ROOT}/Manifest.lock\" > /dev/null\nif [ $? != 0 ] ; then\n    # print error to STDERR\n    echo \"error: The sandbox is not in sync with the Podfile.lock. Run 'pod install' or update your CocoaPods installation.\" >&2\n    exit 1\nfi\n# This output is used by Xcode 'outputs' to avoid re-running this script phase.\necho \"SUCCESS\" > \"${SCRIPT_OUTPUT_FILE_0}\"\n";
			showEnvVarsInLog = 0;
		};
		88912FBD6B89E8DDA6A1BAA0 /* [CP] Embed Pods Frameworks */ = {
			isa = PBXShellScriptBuildPhase;
			buildActionMask = 2147483647;
			files = (
			);
			inputFileListPaths = (
				"${PODS_ROOT}/Target Support Files/Pods-BTCTicketTests/Pods-BTCTicketTests-frameworks-${CONFIGURATION}-input-files.xcfilelist",
			);
			name = "[CP] Embed Pods Frameworks";
			outputFileListPaths = (
				"${PODS_ROOT}/Target Support Files/Pods-BTCTicketTests/Pods-BTCTicketTests-frameworks-${CONFIGURATION}-output-files.xcfilelist",
			);
			runOnlyForDeploymentPostprocessing = 0;
			shellPath = /bin/sh;
			shellScript = "\"${PODS_ROOT}/Target Support Files/Pods-BTCTicketTests/Pods-BTCTicketTests-frameworks.sh\"\n";
			showEnvVarsInLog = 0;
		};
		AA2F04E4DEC60A3DF7144C7D /* [CP] Embed Pods Frameworks */ = {
			isa = PBXShellScriptBuildPhase;
			buildActionMask = 2147483647;
			files = (
			);
			inputFileListPaths = (
				"${PODS_ROOT}/Target Support Files/Pods-BTCTicket/Pods-BTCTicket-frameworks-${CONFIGURATION}-input-files.xcfilelist",
			);
			name = "[CP] Embed Pods Frameworks";
			outputFileListPaths = (
				"${PODS_ROOT}/Target Support Files/Pods-BTCTicket/Pods-BTCTicket-frameworks-${CONFIGURATION}-output-files.xcfilelist",
			);
			runOnlyForDeploymentPostprocessing = 0;
			shellPath = /bin/sh;
			shellScript = "\"${PODS_ROOT}/Target Support Files/Pods-BTCTicket/Pods-BTCTicket-frameworks.sh\"\n";
			showEnvVarsInLog = 0;
		};
		DED008448EA3C2569EEF0B71 /* [CP] Check Pods Manifest.lock */ = {
			isa = PBXShellScriptBuildPhase;
			buildActionMask = 2147483647;
			files = (
			);
			inputFileListPaths = (
			);
			inputPaths = (
				"${PODS_PODFILE_DIR_PATH}/Podfile.lock",
				"${PODS_ROOT}/Manifest.lock",
			);
			name = "[CP] Check Pods Manifest.lock";
			outputFileListPaths = (
			);
			outputPaths = (
				"$(DERIVED_FILE_DIR)/Pods-BTCTicketTests-checkManifestLockResult.txt",
			);
			runOnlyForDeploymentPostprocessing = 0;
			shellPath = /bin/sh;
			shellScript = "diff \"${PODS_PODFILE_DIR_PATH}/Podfile.lock\" \"${PODS_ROOT}/Manifest.lock\" > /dev/null\nif [ $? != 0 ] ; then\n    # print error to STDERR\n    echo \"error: The sandbox is not in sync with the Podfile.lock. Run 'pod install' or update your CocoaPods installation.\" >&2\n    exit 1\nfi\n# This output is used by Xcode 'outputs' to avoid re-running this script phase.\necho \"SUCCESS\" > \"${SCRIPT_OUTPUT_FILE_0}\"\n";
			showEnvVarsInLog = 0;
		};
/* End PBXShellScriptBuildPhase section */

/* Begin PBXSourcesBuildPhase section */
		F9C019D42379941000D4B6C4 /* Sources */ = {
			isa = PBXSourcesBuildPhase;
			buildActionMask = 2147483647;
			files = (
				F956DF0A2379A96A0094B425 /* GBPToBitcoin.swift in Sources */,
				F956DF0D2379AED40094B425 /* BindableType.swift in Sources */,
				F956DF052379A64C0094B425 /* URLSession+Rx.swift in Sources */,
				F956DF022379A5460094B425 /* NetworkService.swift in Sources */,
				F956DF102379AF700094B425 /* GBPToBitcoinViewModel.swift in Sources */,
				F9C019E02379941000D4B6C4 /* GBPToBitcoinViewController.swift in Sources */,
				F956DF002379A3740094B425 /* NetworkingType.swift in Sources */,
				F956DF082379A84B0094B425 /* BitcoinPrice.swift in Sources */,
				F9C019DC2379941000D4B6C4 /* AppDelegate.swift in Sources */,
				F9C019DE2379941000D4B6C4 /* SceneDelegate.swift in Sources */,
			);
			runOnlyForDeploymentPostprocessing = 0;
		};
		F9C019EA2379941100D4B6C4 /* Sources */ = {
			isa = PBXSourcesBuildPhase;
			buildActionMask = 2147483647;
			files = (
				F956DEFC23799ADC0094B425 /* BTCTicketTests.swift in Sources */,
			);
			runOnlyForDeploymentPostprocessing = 0;
		};
/* End PBXSourcesBuildPhase section */

/* Begin PBXTargetDependency section */
		F9C019F02379941100D4B6C4 /* PBXTargetDependency */ = {
			isa = PBXTargetDependency;
			target = F9C019D72379941000D4B6C4 /* BTCTicket */;
			targetProxy = F9C019EF2379941100D4B6C4 /* PBXContainerItemProxy */;
		};
/* End PBXTargetDependency section */

/* Begin PBXVariantGroup section */
		F9C019E12379941000D4B6C4 /* Main.storyboard */ = {
			isa = PBXVariantGroup;
			children = (
				F9C019E22379941000D4B6C4 /* Base */,
			);
			name = Main.storyboard;
			sourceTree = "<group>";
		};
		F9C019E62379941100D4B6C4 /* LaunchScreen.storyboard */ = {
			isa = PBXVariantGroup;
			children = (
				F9C019E72379941100D4B6C4 /* Base */,
			);
			name = LaunchScreen.storyboard;
			sourceTree = "<group>";
		};
/* End PBXVariantGroup section */

/* Begin XCBuildConfiguration section */
		F9C019F52379941100D4B6C4 /* Debug */ = {
			isa = XCBuildConfiguration;
			buildSettings = {
				ALWAYS_SEARCH_USER_PATHS = NO;
				CLANG_ANALYZER_NONNULL = YES;
				CLANG_ANALYZER_NUMBER_OBJECT_CONVERSION = YES_AGGRESSIVE;
				CLANG_CXX_LANGUAGE_STANDARD = "gnu++14";
				CLANG_CXX_LIBRARY = "libc++";
				CLANG_ENABLE_MODULES = YES;
				CLANG_ENABLE_OBJC_ARC = YES;
				CLANG_ENABLE_OBJC_WEAK = YES;
				CLANG_WARN_BLOCK_CAPTURE_AUTORELEASING = YES;
				CLANG_WARN_BOOL_CONVERSION = YES;
				CLANG_WARN_COMMA = YES;
				CLANG_WARN_CONSTANT_CONVERSION = YES;
				CLANG_WARN_DEPRECATED_OBJC_IMPLEMENTATIONS = YES;
				CLANG_WARN_DIRECT_OBJC_ISA_USAGE = YES_ERROR;
				CLANG_WARN_DOCUMENTATION_COMMENTS = YES;
				CLANG_WARN_EMPTY_BODY = YES;
				CLANG_WARN_ENUM_CONVERSION = YES;
				CLANG_WARN_INFINITE_RECURSION = YES;
				CLANG_WARN_INT_CONVERSION = YES;
				CLANG_WARN_NON_LITERAL_NULL_CONVERSION = YES;
				CLANG_WARN_OBJC_IMPLICIT_RETAIN_SELF = YES;
				CLANG_WARN_OBJC_LITERAL_CONVERSION = YES;
				CLANG_WARN_OBJC_ROOT_CLASS = YES_ERROR;
				CLANG_WARN_RANGE_LOOP_ANALYSIS = YES;
				CLANG_WARN_STRICT_PROTOTYPES = YES;
				CLANG_WARN_SUSPICIOUS_MOVE = YES;
				CLANG_WARN_UNGUARDED_AVAILABILITY = YES_AGGRESSIVE;
				CLANG_WARN_UNREACHABLE_CODE = YES;
				CLANG_WARN__DUPLICATE_METHOD_MATCH = YES;
				COPY_PHASE_STRIP = NO;
				DEBUG_INFORMATION_FORMAT = dwarf;
				ENABLE_STRICT_OBJC_MSGSEND = YES;
				ENABLE_TESTABILITY = YES;
				GCC_C_LANGUAGE_STANDARD = gnu11;
				GCC_DYNAMIC_NO_PIC = NO;
				GCC_NO_COMMON_BLOCKS = YES;
				GCC_OPTIMIZATION_LEVEL = 0;
				GCC_PREPROCESSOR_DEFINITIONS = (
					"DEBUG=1",
					"$(inherited)",
				);
				GCC_WARN_64_TO_32_BIT_CONVERSION = YES;
				GCC_WARN_ABOUT_RETURN_TYPE = YES_ERROR;
				GCC_WARN_UNDECLARED_SELECTOR = YES;
				GCC_WARN_UNINITIALIZED_AUTOS = YES_AGGRESSIVE;
				GCC_WARN_UNUSED_FUNCTION = YES;
				GCC_WARN_UNUSED_VARIABLE = YES;
				IPHONEOS_DEPLOYMENT_TARGET = 13.2;
				MTL_ENABLE_DEBUG_INFO = INCLUDE_SOURCE;
				MTL_FAST_MATH = YES;
				ONLY_ACTIVE_ARCH = YES;
				SDKROOT = iphoneos;
				SWIFT_ACTIVE_COMPILATION_CONDITIONS = DEBUG;
				SWIFT_OPTIMIZATION_LEVEL = "-Onone";
			};
			name = Debug;
		};
		F9C019F62379941100D4B6C4 /* Release */ = {
			isa = XCBuildConfiguration;
			buildSettings = {
				ALWAYS_SEARCH_USER_PATHS = NO;
				CLANG_ANALYZER_NONNULL = YES;
				CLANG_ANALYZER_NUMBER_OBJECT_CONVERSION = YES_AGGRESSIVE;
				CLANG_CXX_LANGUAGE_STANDARD = "gnu++14";
				CLANG_CXX_LIBRARY = "libc++";
				CLANG_ENABLE_MODULES = YES;
				CLANG_ENABLE_OBJC_ARC = YES;
				CLANG_ENABLE_OBJC_WEAK = YES;
				CLANG_WARN_BLOCK_CAPTURE_AUTORELEASING = YES;
				CLANG_WARN_BOOL_CONVERSION = YES;
				CLANG_WARN_COMMA = YES;
				CLANG_WARN_CONSTANT_CONVERSION = YES;
				CLANG_WARN_DEPRECATED_OBJC_IMPLEMENTATIONS = YES;
				CLANG_WARN_DIRECT_OBJC_ISA_USAGE = YES_ERROR;
				CLANG_WARN_DOCUMENTATION_COMMENTS = YES;
				CLANG_WARN_EMPTY_BODY = YES;
				CLANG_WARN_ENUM_CONVERSION = YES;
				CLANG_WARN_INFINITE_RECURSION = YES;
				CLANG_WARN_INT_CONVERSION = YES;
				CLANG_WARN_NON_LITERAL_NULL_CONVERSION = YES;
				CLANG_WARN_OBJC_IMPLICIT_RETAIN_SELF = YES;
				CLANG_WARN_OBJC_LITERAL_CONVERSION = YES;
				CLANG_WARN_OBJC_ROOT_CLASS = YES_ERROR;
				CLANG_WARN_RANGE_LOOP_ANALYSIS = YES;
				CLANG_WARN_STRICT_PROTOTYPES = YES;
				CLANG_WARN_SUSPICIOUS_MOVE = YES;
				CLANG_WARN_UNGUARDED_AVAILABILITY = YES_AGGRESSIVE;
				CLANG_WARN_UNREACHABLE_CODE = YES;
				CLANG_WARN__DUPLICATE_METHOD_MATCH = YES;
				COPY_PHASE_STRIP = NO;
				DEBUG_INFORMATION_FORMAT = "dwarf-with-dsym";
				ENABLE_NS_ASSERTIONS = NO;
				ENABLE_STRICT_OBJC_MSGSEND = YES;
				GCC_C_LANGUAGE_STANDARD = gnu11;
				GCC_NO_COMMON_BLOCKS = YES;
				GCC_WARN_64_TO_32_BIT_CONVERSION = YES;
				GCC_WARN_ABOUT_RETURN_TYPE = YES_ERROR;
				GCC_WARN_UNDECLARED_SELECTOR = YES;
				GCC_WARN_UNINITIALIZED_AUTOS = YES_AGGRESSIVE;
				GCC_WARN_UNUSED_FUNCTION = YES;
				GCC_WARN_UNUSED_VARIABLE = YES;
				IPHONEOS_DEPLOYMENT_TARGET = 13.2;
				MTL_ENABLE_DEBUG_INFO = NO;
				MTL_FAST_MATH = YES;
				SDKROOT = iphoneos;
				SWIFT_COMPILATION_MODE = wholemodule;
				SWIFT_OPTIMIZATION_LEVEL = "-O";
				VALIDATE_PRODUCT = YES;
			};
			name = Release;
		};
		F9C019F82379941100D4B6C4 /* Debug */ = {
			isa = XCBuildConfiguration;
			baseConfigurationReference = E22DC425C380D742786A575F /* Pods-BTCTicket.debug.xcconfig */;
			buildSettings = {
				ASSETCATALOG_COMPILER_APPICON_NAME = AppIcon;
				CODE_SIGN_STYLE = Automatic;
				INFOPLIST_FILE = BTCTicket/Info.plist;
				LD_RUNPATH_SEARCH_PATHS = (
					"$(inherited)",
					"@executable_path/Frameworks",
				);
				PRODUCT_BUNDLE_IDENTIFIER = com.quaxodigital.BTCTicket;
				PRODUCT_NAME = "$(TARGET_NAME)";
				SWIFT_VERSION = 5.0;
				TARGETED_DEVICE_FAMILY = "1,2";
			};
			name = Debug;
		};
		F9C019F92379941100D4B6C4 /* Release */ = {
			isa = XCBuildConfiguration;
			baseConfigurationReference = 10464173408B151C33D526A4 /* Pods-BTCTicket.release.xcconfig */;
			buildSettings = {
				ASSETCATALOG_COMPILER_APPICON_NAME = AppIcon;
				CODE_SIGN_STYLE = Automatic;
				INFOPLIST_FILE = BTCTicket/Info.plist;
				LD_RUNPATH_SEARCH_PATHS = (
					"$(inherited)",
					"@executable_path/Frameworks",
				);
				PRODUCT_BUNDLE_IDENTIFIER = com.quaxodigital.BTCTicket;
				PRODUCT_NAME = "$(TARGET_NAME)";
				SWIFT_VERSION = 5.0;
				TARGETED_DEVICE_FAMILY = "1,2";
			};
			name = Release;
		};
		F9C019FB2379941100D4B6C4 /* Debug */ = {
			isa = XCBuildConfiguration;
			baseConfigurationReference = D724C75DF2AF162D12B05D47 /* Pods-BTCTicketTests.debug.xcconfig */;
			buildSettings = {
				ALWAYS_EMBED_SWIFT_STANDARD_LIBRARIES = YES;
				BUNDLE_LOADER = "$(TEST_HOST)";
				CODE_SIGN_STYLE = Automatic;
				INFOPLIST_FILE = BTCTicketTests/Info.plist;
				IPHONEOS_DEPLOYMENT_TARGET = 13.2;
				LD_RUNPATH_SEARCH_PATHS = (
					"$(inherited)",
					"@executable_path/Frameworks",
					"@loader_path/Frameworks",
				);
				PRODUCT_BUNDLE_IDENTIFIER = com.quaxodigital.BTCTicketTests;
				PRODUCT_NAME = "$(TARGET_NAME)";
				SWIFT_VERSION = 5.0;
				TARGETED_DEVICE_FAMILY = "1,2";
				TEST_HOST = "$(BUILT_PRODUCTS_DIR)/BTCTicket.app/BTCTicket";
			};
			name = Debug;
		};
		F9C019FC2379941100D4B6C4 /* Release */ = {
			isa = XCBuildConfiguration;
			baseConfigurationReference = FA8E5B7F6F7D5591CFF40BD8 /* Pods-BTCTicketTests.release.xcconfig */;
			buildSettings = {
				ALWAYS_EMBED_SWIFT_STANDARD_LIBRARIES = YES;
				BUNDLE_LOADER = "$(TEST_HOST)";
				CODE_SIGN_STYLE = Automatic;
				INFOPLIST_FILE = BTCTicketTests/Info.plist;
				IPHONEOS_DEPLOYMENT_TARGET = 13.2;
				LD_RUNPATH_SEARCH_PATHS = (
					"$(inherited)",
					"@executable_path/Frameworks",
					"@loader_path/Frameworks",
				);
				PRODUCT_BUNDLE_IDENTIFIER = com.quaxodigital.BTCTicketTests;
				PRODUCT_NAME = "$(TARGET_NAME)";
				SWIFT_VERSION = 5.0;
				TARGETED_DEVICE_FAMILY = "1,2";
				TEST_HOST = "$(BUILT_PRODUCTS_DIR)/BTCTicket.app/BTCTicket";
			};
			name = Release;
		};
/* End XCBuildConfiguration section */

/* Begin XCConfigurationList section */
		F9C019D32379941000D4B6C4 /* Build configuration list for PBXProject "BTCTicket" */ = {
			isa = XCConfigurationList;
			buildConfigurations = (
				F9C019F52379941100D4B6C4 /* Debug */,
				F9C019F62379941100D4B6C4 /* Release */,
			);
			defaultConfigurationIsVisible = 0;
			defaultConfigurationName = Release;
		};
		F9C019F72379941100D4B6C4 /* Build configuration list for PBXNativeTarget "BTCTicket" */ = {
			isa = XCConfigurationList;
			buildConfigurations = (
				F9C019F82379941100D4B6C4 /* Debug */,
				F9C019F92379941100D4B6C4 /* Release */,
			);
			defaultConfigurationIsVisible = 0;
			defaultConfigurationName = Release;
		};
		F9C019FA2379941100D4B6C4 /* Build configuration list for PBXNativeTarget "BTCTicketTests" */ = {
			isa = XCConfigurationList;
			buildConfigurations = (
				F9C019FB2379941100D4B6C4 /* Debug */,
				F9C019FC2379941100D4B6C4 /* Release */,
			);
			defaultConfigurationIsVisible = 0;
			defaultConfigurationName = Release;
		};
/* End XCConfigurationList section */
	};
	rootObject = F9C019D02379941000D4B6C4 /* Project object */;
}
